
Microsoft Visual Studio Solution File, Format Version 12.00
# Visual Studio Version 17
VisualStudioVersion = 17.3.32811.315
MinimumVisualStudioVersion = 10.0.40219.1
Project("{FAE04EC0-301F-11D3-BF4B-00C04F79EFBC}") = "ConsumeAPI", "ConsumeAPI\ConsumeAPI.csproj", "{EAB1BEF4-427C-4519-A03F-519BA4745D6B}"
EndProject
Global
	GlobalSection(SolutionConfigurationPlatforms) = preSolution
		Debug|Any CPU = Debug|Any CPU
		Release|Any CPU = Release|Any CPU
	EndGlobalSection
	GlobalSection(ProjectConfigurationPlatforms) = postSolution
		{EAB1BEF4-427C-4519-A03F-519BA4745D6B}.Debug|Any CPU.ActiveCfg = Debug|Any CPU
		{EAB1BEF4-427C-4519-A03F-519BA4745D6B}.Debug|Any CPU.Build.0 = Debug|Any CPU
		{EAB1BEF4-427C-4519-A03F-519BA4745D6B}.Release|Any CPU.ActiveCfg = Release|Any CPU
		{EAB1BEF4-427C-4519-A03F-519BA4745D6B}.Release|Any CPU.Build.0 = Release|Any CPU
	EndGlobalSection
	GlobalSection(SolutionProperties) = preSolution
		HideSolutionNode = FALSE
	EndGlobalSection
	GlobalSection(ExtensibilityGlobals) = postSolution
		SolutionGuid = {657E8E1C-31D1-43A4-9A93-BE048AD2DDEF}
	EndGlobalSection
EndGlobal
